// !$*UTF8*$!
{
	archiveVersion = 1;
	classes = {
	};
	objectVersion = 46;
	objects = {

/* Begin PBXBuildFile section */
		C87CC5C41E24B863000F83A5 /* AppDelegate.swift in Sources */ = {isa = PBXBuildFile; fileRef = C87CC5C31E24B863000F83A5 /* AppDelegate.swift */; };
		C87CC5C61E24B863000F83A5 /* ViewController.swift in Sources */ = {isa = PBXBuildFile; fileRef = C87CC5C51E24B863000F83A5 /* ViewController.swift */; };
		C87CC5C91E24B863000F83A5 /* Main.storyboard in Resources */ = {isa = PBXBuildFile; fileRef = C87CC5C71E24B863000F83A5 /* Main.storyboard */; };
		C87CC5CB1E24B863000F83A5 /* Assets.xcassets in Resources */ = {isa = PBXBuildFile; fileRef = C87CC5CA1E24B863000F83A5 /* Assets.xcassets */; };
		C87CC5CE1E24B863000F83A5 /* LaunchScreen.storyboard in Resources */ = {isa = PBXBuildFile; fileRef = C87CC5CC1E24B863000F83A5 /* LaunchScreen.storyboard */; };
		C87CC5D81E24B8B4000F83A5 /* Bridge.mm in Sources */ = {isa = PBXBuildFile; fileRef = C87CC5D71E24B8B4000F83A5 /* Bridge.mm */; };
		C87CC5DB1E24BAE7000F83A5 /* libprotobuf-lite.a in Frameworks */ = {isa = PBXBuildFile; fileRef = C87CC5D91E24BAE7000F83A5 /* libprotobuf-lite.a */; };
		C87CC5DC1E24BAE7000F83A5 /* libprotobuf.a in Frameworks */ = {isa = PBXBuildFile; fileRef = C87CC5DA1E24BAE7000F83A5 /* libprotobuf.a */; };
		C87CC5DF1E24BCEB000F83A5 /* Accelerate.framework in Frameworks */ = {isa = PBXBuildFile; fileRef = C87CC5DE1E24BCEB000F83A5 /* Accelerate.framework */; };
		C87CC5EC1E260EBE000F83A5 /* ios_image_load.mm in Sources */ = {isa = PBXBuildFile; fileRef = C87CC5E91E260EBE000F83A5 /* ios_image_load.mm */; };
		C87CC5ED1E260EBE000F83A5 /* tensorflow_utils.mm in Sources */ = {isa = PBXBuildFile; fileRef = C87CC5EB1E260EBE000F83A5 /* tensorflow_utils.mm */; };
		C8D4A38F1E288255005B0640 /* VideoCapture.swift in Sources */ = {isa = PBXBuildFile; fileRef = C8D4A38E1E288255005B0640 /* VideoCapture.swift */; };
		C8D4A3911E288321005B0640 /* AVCaptureDevice+Extension.swift in Sources */ = {isa = PBXBuildFile; fileRef = C8D4A3901E288321005B0640 /* AVCaptureDevice+Extension.swift */; };
/* End PBXBuildFile section */

/* Begin PBXFileReference section */
		C87CC5C01E24B863000F83A5 /* Tensorswift.app */ = {isa = PBXFileReference; explicitFileType = wrapper.application; includeInIndex = 0; path = Tensorswift.app; sourceTree = BUILT_PRODUCTS_DIR; };
		C87CC5C31E24B863000F83A5 /* AppDelegate.swift */ = {isa = PBXFileReference; lastKnownFileType = sourcecode.swift; path = AppDelegate.swift; sourceTree = "<group>"; };
		C87CC5C51E24B863000F83A5 /* ViewController.swift */ = {isa = PBXFileReference; lastKnownFileType = sourcecode.swift; path = ViewController.swift; sourceTree = "<group>"; };
		C87CC5C81E24B863000F83A5 /* Base */ = {isa = PBXFileReference; lastKnownFileType = file.storyboard; name = Base; path = Base.lproj/Main.storyboard; sourceTree = "<group>"; };
		C87CC5CA1E24B863000F83A5 /* Assets.xcassets */ = {isa = PBXFileReference; lastKnownFileType = folder.assetcatalog; path = Assets.xcassets; sourceTree = "<group>"; };
		C87CC5CD1E24B863000F83A5 /* Base */ = {isa = PBXFileReference; lastKnownFileType = file.storyboard; name = Base; path = Base.lproj/LaunchScreen.storyboard; sourceTree = "<group>"; };
		C87CC5CF1E24B863000F83A5 /* Info.plist */ = {isa = PBXFileReference; lastKnownFileType = text.plist.xml; path = Info.plist; sourceTree = "<group>"; };
		C87CC5D51E24B88C000F83A5 /* Bridge.h */ = {isa = PBXFileReference; explicitFileType = sourcecode.cpp.h; fileEncoding = 4; name = Bridge.h; path = Tensorswift/Bridge.h; sourceTree = "<group>"; };
		C87CC5D61E24B8B4000F83A5 /* Tensorswift-Bridging-Header.h */ = {isa = PBXFileReference; lastKnownFileType = sourcecode.c.h; path = "Tensorswift-Bridging-Header.h"; sourceTree = "<group>"; };
		C87CC5D71E24B8B4000F83A5 /* Bridge.mm */ = {isa = PBXFileReference; explicitFileType = sourcecode.cpp.objcpp; fileEncoding = 4; path = Bridge.mm; sourceTree = "<group>"; };
		C87CC5D91E24BAE7000F83A5 /* libprotobuf-lite.a */ = {isa = PBXFileReference; lastKnownFileType = archive.ar; path = "libprotobuf-lite.a"; sourceTree = "<group>"; };
		C87CC5DA1E24BAE7000F83A5 /* libprotobuf.a */ = {isa = PBXFileReference; lastKnownFileType = archive.ar; path = libprotobuf.a; sourceTree = "<group>"; };
		C87CC5DE1E24BCEB000F83A5 /* Accelerate.framework */ = {isa = PBXFileReference; lastKnownFileType = wrapper.framework; name = Accelerate.framework; path = System/Library/Frameworks/Accelerate.framework; sourceTree = SDKROOT; };
		C87CC5E81E260EBE000F83A5 /* ios_image_load.h */ = {isa = PBXFileReference; fileEncoding = 4; lastKnownFileType = sourcecode.c.h; path = ios_image_load.h; sourceTree = "<group>"; };
		C87CC5E91E260EBE000F83A5 /* ios_image_load.mm */ = {isa = PBXFileReference; fileEncoding = 4; lastKnownFileType = sourcecode.cpp.objcpp; path = ios_image_load.mm; sourceTree = "<group>"; };
		C87CC5EA1E260EBE000F83A5 /* tensorflow_utils.h */ = {isa = PBXFileReference; fileEncoding = 4; lastKnownFileType = sourcecode.c.h; path = tensorflow_utils.h; sourceTree = "<group>"; };
		C87CC5EB1E260EBE000F83A5 /* tensorflow_utils.mm */ = {isa = PBXFileReference; fileEncoding = 4; lastKnownFileType = sourcecode.cpp.objcpp; path = tensorflow_utils.mm; sourceTree = "<group>"; };
		C8D4A38E1E288255005B0640 /* VideoCapture.swift */ = {isa = PBXFileReference; fileEncoding = 4; lastKnownFileType = sourcecode.swift; path = VideoCapture.swift; sourceTree = "<group>"; };
		C8D4A3901E288321005B0640 /* AVCaptureDevice+Extension.swift */ = {isa = PBXFileReference; fileEncoding = 4; lastKnownFileType = sourcecode.swift; path = "AVCaptureDevice+Extension.swift"; sourceTree = "<group>"; };
/* End PBXFileReference section */

/* Begin PBXFrameworksBuildPhase section */
		C87CC5BD1E24B863000F83A5 /* Frameworks */ = {
			isa = PBXFrameworksBuildPhase;
			buildActionMask = 2147483647;
			files = (
				C87CC5DF1E24BCEB000F83A5 /* Accelerate.framework in Frameworks */,
				C87CC5DC1E24BAE7000F83A5 /* libprotobuf.a in Frameworks */,
				C87CC5DB1E24BAE7000F83A5 /* libprotobuf-lite.a in Frameworks */,
			);
			runOnlyForDeploymentPostprocessing = 0;
		};
/* End PBXFrameworksBuildPhase section */

/* Begin PBXGroup section */
		C87CC5B71E24B863000F83A5 = {
			isa = PBXGroup;
			children = (
				C8D4A3901E288321005B0640 /* AVCaptureDevice+Extension.swift */,
				C8D4A38E1E288255005B0640 /* VideoCapture.swift */,
				C87CC5D61E24B8B4000F83A5 /* Tensorswift-Bridging-Header.h */,
				C87CC5D51E24B88C000F83A5 /* Bridge.h */,
				C87CC5D71E24B8B4000F83A5 /* Bridge.mm */,
				C87CC5E81E260EBE000F83A5 /* ios_image_load.h */,
				C87CC5E91E260EBE000F83A5 /* ios_image_load.mm */,
				C87CC5EA1E260EBE000F83A5 /* tensorflow_utils.h */,
				C87CC5EB1E260EBE000F83A5 /* tensorflow_utils.mm */,
				C87CC5C21E24B863000F83A5 /* Tensorswift */,
				C87CC5C11E24B863000F83A5 /* Products */,
				C87CC5DD1E24BCEB000F83A5 /* Frameworks */,
			);
			sourceTree = "<group>";
		};
		C87CC5C11E24B863000F83A5 /* Products */ = {
			isa = PBXGroup;
			children = (
				C87CC5C01E24B863000F83A5 /* Tensorswift.app */,
			);
			name = Products;
			sourceTree = "<group>";
		};
		C87CC5C21E24B863000F83A5 /* Tensorswift */ = {
			isa = PBXGroup;
			children = (
				C87CC5C31E24B863000F83A5 /* AppDelegate.swift */,
				C87CC5C51E24B863000F83A5 /* ViewController.swift */,
				C87CC5C71E24B863000F83A5 /* Main.storyboard */,
				C87CC5CA1E24B863000F83A5 /* Assets.xcassets */,
				C87CC5CC1E24B863000F83A5 /* LaunchScreen.storyboard */,
				C87CC5CF1E24B863000F83A5 /* Info.plist */,
			);
			path = Tensorswift;
			sourceTree = "<group>";
		};
		C87CC5DD1E24BCEB000F83A5 /* Frameworks */ = {
			isa = PBXGroup;
			children = (
				C87CC5D91E24BAE7000F83A5 /* libprotobuf-lite.a */,
				C87CC5DA1E24BAE7000F83A5 /* libprotobuf.a */,
				C87CC5DE1E24BCEB000F83A5 /* Accelerate.framework */,
			);
			name = Frameworks;
			sourceTree = "<group>";
		};
/* End PBXGroup section */

/* Begin PBXNativeTarget section */
		C87CC5BF1E24B863000F83A5 /* Tensorswift */ = {
			isa = PBXNativeTarget;
			buildConfigurationList = C87CC5D21E24B863000F83A5 /* Build configuration list for PBXNativeTarget "Tensorswift" */;
			buildPhases = (
				C87CC5BC1E24B863000F83A5 /* Sources */,
				C87CC5BD1E24B863000F83A5 /* Frameworks */,
				C87CC5BE1E24B863000F83A5 /* Resources */,
			);
			buildRules = (
			);
			dependencies = (
			);
			name = Tensorswift;
			productName = Tensorswift;
			productReference = C87CC5C01E24B863000F83A5 /* Tensorswift.app */;
			productType = "com.apple.product-type.application";
		};
/* End PBXNativeTarget section */

/* Begin PBXProject section */
		C87CC5B81E24B863000F83A5 /* Project object */ = {
			isa = PBXProject;
			attributes = {
				LastSwiftUpdateCheck = 0820;
				LastUpgradeCheck = 0820;
				ORGANIZATIONNAME = "Morten Just Petersen";
				TargetAttributes = {
					C87CC5BF1E24B863000F83A5 = {
						CreatedOnToolsVersion = 8.2;
						DevelopmentTeam = UDGLB23X37;
						LastSwiftMigration = 0820;
						ProvisioningStyle = Automatic;
					};
				};
			};
			buildConfigurationList = C87CC5BB1E24B863000F83A5 /* Build configuration list for PBXProject "Tensorswift" */;
			compatibilityVersion = "Xcode 3.2";
			developmentRegion = English;
			hasScannedForEncodings = 0;
			knownRegions = (
				en,
				Base,
			);
			mainGroup = C87CC5B71E24B863000F83A5;
			productRefGroup = C87CC5C11E24B863000F83A5 /* Products */;
			projectDirPath = "";
			projectRoot = "";
			targets = (
				C87CC5BF1E24B863000F83A5 /* Tensorswift */,
			);
		};
/* End PBXProject section */

/* Begin PBXResourcesBuildPhase section */
		C87CC5BE1E24B863000F83A5 /* Resources */ = {
			isa = PBXResourcesBuildPhase;
			buildActionMask = 2147483647;
			files = (
				C87CC5CE1E24B863000F83A5 /* LaunchScreen.storyboard in Resources */,
				C87CC5CB1E24B863000F83A5 /* Assets.xcassets in Resources */,
				C87CC5C91E24B863000F83A5 /* Main.storyboard in Resources */,
			);
			runOnlyForDeploymentPostprocessing = 0;
		};
/* End PBXResourcesBuildPhase section */

/* Begin PBXSourcesBuildPhase section */
		C87CC5BC1E24B863000F83A5 /* Sources */ = {
			isa = PBXSourcesBuildPhase;
			buildActionMask = 2147483647;
			files = (
				C87CC5C61E24B863000F83A5 /* ViewController.swift in Sources */,
				C87CC5EC1E260EBE000F83A5 /* ios_image_load.mm in Sources */,
				C87CC5D81E24B8B4000F83A5 /* Bridge.mm in Sources */,
				C87CC5ED1E260EBE000F83A5 /* tensorflow_utils.mm in Sources */,
				C8D4A38F1E288255005B0640 /* VideoCapture.swift in Sources */,
				C8D4A3911E288321005B0640 /* AVCaptureDevice+Extension.swift in Sources */,
				C87CC5C41E24B863000F83A5 /* AppDelegate.swift in Sources */,
			);
			runOnlyForDeploymentPostprocessing = 0;
		};
/* End PBXSourcesBuildPhase section */

/* Begin PBXVariantGroup section */
		C87CC5C71E24B863000F83A5 /* Main.storyboard */ = {
			isa = PBXVariantGroup;
			children = (
				C87CC5C81E24B863000F83A5 /* Base */,
			);
			name = Main.storyboard;
			sourceTree = "<group>";
		};
		C87CC5CC1E24B863000F83A5 /* LaunchScreen.storyboard */ = {
			isa = PBXVariantGroup;
			children = (
				C87CC5CD1E24B863000F83A5 /* Base */,
			);
			name = LaunchScreen.storyboard;
			sourceTree = "<group>";
		};
/* End PBXVariantGroup section */

/* Begin XCBuildConfiguration section */
		C87CC5D01E24B863000F83A5 /* Debug */ = {
			isa = XCBuildConfiguration;
			buildSettings = {
				ALWAYS_SEARCH_USER_PATHS = YES;
				CLANG_ANALYZER_NONNULL = YES;
				CLANG_CXX_LANGUAGE_STANDARD = "gnu++0x";
				CLANG_CXX_LIBRARY = "libc++";
				CLANG_ENABLE_MODULES = YES;
				CLANG_ENABLE_OBJC_ARC = YES;
				CLANG_WARN_BOOL_CONVERSION = YES;
				CLANG_WARN_CONSTANT_CONVERSION = YES;
				CLANG_WARN_DIRECT_OBJC_ISA_USAGE = YES_ERROR;
				CLANG_WARN_DOCUMENTATION_COMMENTS = YES;
				CLANG_WARN_EMPTY_BODY = YES;
				CLANG_WARN_ENUM_CONVERSION = YES;
				CLANG_WARN_INFINITE_RECURSION = YES;
				CLANG_WARN_INT_CONVERSION = YES;
				CLANG_WARN_OBJC_ROOT_CLASS = YES_ERROR;
				CLANG_WARN_SUSPICIOUS_MOVE = YES;
				CLANG_WARN_UNREACHABLE_CODE = YES;
				CLANG_WARN__DUPLICATE_METHOD_MATCH = YES;
				"CODE_SIGN_IDENTITY[sdk=iphoneos*]" = "iPhone Developer";
				COPY_PHASE_STRIP = NO;
				DEBUG_INFORMATION_FORMAT = dwarf;
				ENABLE_BITCODE = NO;
				ENABLE_STRICT_OBJC_MSGSEND = YES;
				ENABLE_TESTABILITY = YES;
				GCC_C_LANGUAGE_STANDARD = gnu99;
				GCC_DYNAMIC_NO_PIC = NO;
				GCC_NO_COMMON_BLOCKS = YES;
				GCC_OPTIMIZATION_LEVEL = 0;
				GCC_PREPROCESSOR_DEFINITIONS = (
					"DEBUG=1",
					"$(inherited)",
				);
				GCC_WARN_64_TO_32_BIT_CONVERSION = YES;
				GCC_WARN_ABOUT_RETURN_TYPE = YES_ERROR;
				GCC_WARN_UNDECLARED_SELECTOR = YES;
				GCC_WARN_UNINITIALIZED_AUTOS = YES_AGGRESSIVE;
				GCC_WARN_UNUSED_FUNCTION = YES;
				GCC_WARN_UNUSED_VARIABLE = YES;
				IPHONEOS_DEPLOYMENT_TARGET = 10.2;
				MTL_ENABLE_DEBUG_INFO = YES;
				ONLY_ACTIVE_ARCH = YES;
				SDKROOT = iphoneos;
				SWIFT_ACTIVE_COMPILATION_CONDITIONS = DEBUG;
				SWIFT_OPTIMIZATION_LEVEL = "-Onone";
				TARGETED_DEVICE_FAMILY = "1,2";
			};
			name = Debug;
		};
		C87CC5D11E24B863000F83A5 /* Release */ = {
			isa = XCBuildConfiguration;
			buildSettings = {
				ALWAYS_SEARCH_USER_PATHS = YES;
				CLANG_ANALYZER_NONNULL = YES;
				CLANG_CXX_LANGUAGE_STANDARD = "gnu++0x";
				CLANG_CXX_LIBRARY = "libc++";
				CLANG_ENABLE_MODULES = YES;
				CLANG_ENABLE_OBJC_ARC = YES;
				CLANG_WARN_BOOL_CONVERSION = YES;
				CLANG_WARN_CONSTANT_CONVERSION = YES;
				CLANG_WARN_DIRECT_OBJC_ISA_USAGE = YES_ERROR;
				CLANG_WARN_DOCUMENTATION_COMMENTS = YES;
				CLANG_WARN_EMPTY_BODY = YES;
				CLANG_WARN_ENUM_CONVERSION = YES;
				CLANG_WARN_INFINITE_RECURSION = YES;
				CLANG_WARN_INT_CONVERSION = YES;
				CLANG_WARN_OBJC_ROOT_CLASS = YES_ERROR;
				CLANG_WARN_SUSPICIOUS_MOVE = YES;
				CLANG_WARN_UNREACHABLE_CODE = YES;
				CLANG_WARN__DUPLICATE_METHOD_MATCH = YES;
				"CODE_SIGN_IDENTITY[sdk=iphoneos*]" = "iPhone Developer";
				COPY_PHASE_STRIP = NO;
				DEBUG_INFORMATION_FORMAT = "dwarf-with-dsym";
				ENABLE_BITCODE = NO;
				ENABLE_NS_ASSERTIONS = NO;
				ENABLE_STRICT_OBJC_MSGSEND = YES;
				GCC_C_LANGUAGE_STANDARD = gnu99;
				GCC_NO_COMMON_BLOCKS = YES;
				GCC_WARN_64_TO_32_BIT_CONVERSION = YES;
				GCC_WARN_ABOUT_RETURN_TYPE = YES_ERROR;
				GCC_WARN_UNDECLARED_SELECTOR = YES;
				GCC_WARN_UNINITIALIZED_AUTOS = YES_AGGRESSIVE;
				GCC_WARN_UNUSED_FUNCTION = YES;
				GCC_WARN_UNUSED_VARIABLE = YES;
				IPHONEOS_DEPLOYMENT_TARGET = 10.2;
				MTL_ENABLE_DEBUG_INFO = NO;
				SDKROOT = iphoneos;
				SWIFT_OPTIMIZATION_LEVEL = "-Owholemodule";
				TARGETED_DEVICE_FAMILY = "1,2";
				VALIDATE_PRODUCT = YES;
			};
			name = Release;
		};
		C87CC5D31E24B863000F83A5 /* Debug */ = {
			isa = XCBuildConfiguration;
			buildSettings = {
				ASSETCATALOG_COMPILER_APPICON_NAME = AppIcon;
				CLANG_ENABLE_MODULES = YES;
				DEVELOPMENT_TEAM = UDGLB23X37;
				FRAMEWORK_SEARCH_PATHS = "$(inherited)";
				HEADER_SEARCH_PATHS = (
					"$(SRCROOT)/../tensorflow/",
					"$(SRCROOT)/../tensorflow/tensorflow/contrib/makefile/gen/proto",
					"$(SRCROOT)/../tensorflow/tensorflow/contrib/makefile/downloads/protobuf/src",
					"$(SRCROOT)/../tensorflow/tensorflow/contrib/makefile/downloads/eigen",
					"$(SRCROOT)/../tensorflow/tensorflow/contrib/makefile/downloads",
				);
				INFOPLIST_FILE = Tensorswift/Info.plist;
				LD_RUNPATH_SEARCH_PATHS = "$(inherited) @executable_path/Frameworks";
				LIBRARY_SEARCH_PATHS = (
					"$(inherited)",
					"$(PROJECT_DIR)",
					"$(SRCROOT)/../tensorflow/",
					"$(SRCROOT)/../tensorflow/tensorflow/contrib/makefile/gen/lib",
					"$(SRCROOT)/../tensorflow/tensorflow/contrib/makefile/gen/protobuf_ios/lib",
				);
				"OTHER_LDFLAGS[arch=*]" = (
					"-force_load",
					"/Users/mortenjust/code/tensorflow/tensorflow/contrib/makefile/gen/lib/libtensorflow-core.a",
				);
				PRODUCT_BUNDLE_IDENTIFIER = com.mortenjust.Tensorswift;
				PRODUCT_NAME = "$(TARGET_NAME)";
				SWIFT_OBJC_BRIDGING_HEADER = "Tensorswift-Bridging-Header.h";
				SWIFT_OPTIMIZATION_LEVEL = "-Onone";
				SWIFT_VERSION = 3.0;
			};
			name = Debug;
		};
		C87CC5D41E24B863000F83A5 /* Release */ = {
			isa = XCBuildConfiguration;
			buildSettings = {
				ASSETCATALOG_COMPILER_APPICON_NAME = AppIcon;
				CLANG_ENABLE_MODULES = YES;
				DEVELOPMENT_TEAM = UDGLB23X37;
				FRAMEWORK_SEARCH_PATHS = "$(inherited)";
				HEADER_SEARCH_PATHS = (
					"$(SRCROOT)/../tensorflow/",
					"$(SRCROOT)/../tensorflow/tensorflow/contrib/makefile/gen/proto",
					"$(SRCROOT)/../tensorflow/tensorflow/contrib/makefile/downloads/protobuf/src",
					"$(SRCROOT)/../tensorflow/tensorflow/contrib/makefile/downloads/eigen",
					"$(SRCROOT)/../tensorflow/tensorflow/contrib/makefile/downloads",
				);
				INFOPLIST_FILE = Tensorswift/Info.plist;
				LD_RUNPATH_SEARCH_PATHS = "$(inherited) @executable_path/Frameworks";
				LIBRARY_SEARCH_PATHS = (
					"$(inherited)",
					"$(PROJECT_DIR)",
					"$(SRCROOT)/../tensorflow/",
					"$(SRCROOT)/../tensorflow/tensorflow/contrib/makefile/gen/lib",
					"$(SRCROOT)/../tensorflow/tensorflow/contrib/makefile/gen/protobuf_ios/lib",
				);
				"OTHER_LDFLAGS[arch=*]" = (
					"-force_load",
					"/Users/mortenjust/code/tensorflow/tensorflow/makefile/gen/lib/libtensorflow-core.a",
				);
				PRODUCT_BUNDLE_IDENTIFIER = com.mortenjust.Tensorswift;
				PRODUCT_NAME = "$(TARGET_NAME)";
				SWIFT_OBJC_BRIDGING_HEADER = "Tensorswift-Bridging-Header.h";
				SWIFT_VERSION = 3.0;
			};
			name = Release;
		};
/* End XCBuildConfiguration section */

/* Begin XCConfigurationList section */
		C87CC5BB1E24B863000F83A5 /* Build configuration list for PBXProject "Tensorswift" */ = {
			isa = XCConfigurationList;
			buildConfigurations = (
				C87CC5D01E24B863000F83A5 /* Debug */,
				C87CC5D11E24B863000F83A5 /* Release */,
			);
			defaultConfigurationIsVisible = 0;
			defaultConfigurationName = Release;
		};
		C87CC5D21E24B863000F83A5 /* Build configuration list for PBXNativeTarget "Tensorswift" */ = {
			isa = XCConfigurationList;
			buildConfigurations = (
				C87CC5D31E24B863000F83A5 /* Debug */,
				C87CC5D41E24B863000F83A5 /* Release */,
			);
			defaultConfigurationIsVisible = 0;
			defaultConfigurationName = Release;
		};
/* End XCConfigurationList section */
	};
	rootObject = C87CC5B81E24B863000F83A5 /* Project object */;
}
